{
	"name": "app",
	"version": "1.0.0",
	"lockfileVersion": 1,
	"requires": true,
	"dependencies": {
		"@device.farm/si-application-events": {
			"version": "1.0.1",
			"resolved": "https://registry.npmjs.org/@device.farm/si-application-events/-/si-application-events-1.0.1.tgz",
			"integrity": "sha512-iQmDdyt0uGQ/XOYnVE9/Jd/mI83DujEpa6ElhElhGq3lPwcHsQcUwp2cG2FjNbHp0iJWMiW9nVqer4O7epmNJg=="
		},
		"@device.farm/si-atsamd11c14a": {
			"version": "1.0.3",
			"resolved": "https://registry.npmjs.org/@device.farm/si-atsamd11c14a/-/si-atsamd11c14a-1.0.3.tgz",
			"integrity": "sha512-yBO4tupisN97axEMfcqUsZVO5j7HfjRlSM3WE2gy/7Tssyypca5ZZgHSasHQBRuZpY3SKjLez+n9Od7HxigW5w=="
		},
		"@device.farm/si-generic-timer": {
			"version": "1.0.2",
			"resolved": "https://registry.npmjs.org/@device.farm/si-generic-timer/-/si-generic-timer-1.0.2.tgz",
			"integrity": "sha512-Clv3yxRA63lsmYcGmA3tzeDTc+prKNSt418YDYH4Td4GfLcgI4xCuInGJN9HGffNIqPgrBkHp+F13O+VZtrp6Q==",
			"requires": {
				"@device.farm/si-application-events": "^1.0.1"
			}
		},
		"@device.farm/si-ookey": {
			"version": "file:../../si-ookey",
			"requires": {
				"@device.farm/si-application-events": "1.0.0"
			}
		},
		"@device.farm/si-systick-timer": {
			"version": "1.0.3",
			"resolved": "https://registry.npmjs.org/@device.farm/si-systick-timer/-/si-systick-timer-1.0.3.tgz",
			"integrity": "sha512-974AjuWgO81RdFGwfnFVFH5JI1sY4sbpN8bw5Q9LKVJQCjFPMI+bqBSLIK4lOC3JLwRZe4nJCpzLpEr/8BM+Ug==",
			"requires": {
				"@device.farm/si-generic-timer": "^1.0.2"
			}
		}
	}
}
